
Microsoft Visual Studio Solution File, Format Version 12.00
# Visual Studio Version 17
VisualStudioVersion = 17.5.33530.505
MinimumVisualStudioVersion = 10.0.40219.1
Project("{FAE04EC0-301F-11D3-BF4B-00C04F79EFBC}") = "Expense Tracker", "Expense Tracker.csproj", "{7FB2C934-0BD7-4CB4-BF4F-CEB09E87EE23}"
EndProject
Global
	GlobalSection(SolutionConfigurationPlatforms) = preSolution
		Debug|Any CPU = Debug|Any CPU
		Release|Any CPU = Release|Any CPU
	EndGlobalSection
	GlobalSection(ProjectConfigurationPlatforms) = postSolution
		{7FB2C934-0BD7-4CB4-BF4F-CEB09E87EE23}.Debug|Any CPU.ActiveCfg = Debug|Any CPU
		{7FB2C934-0BD7-4CB4-BF4F-CEB09E87EE23}.Debug|Any CPU.Build.0 = Debug|Any CPU
		{7FB2C934-0BD7-4CB4-BF4F-CEB09E87EE23}.Release|Any CPU.ActiveCfg = Release|Any CPU
		{7FB2C934-0BD7-4CB4-BF4F-CEB09E87EE23}.Release|Any CPU.Build.0 = Release|Any CPU
	EndGlobalSection
	GlobalSection(SolutionProperties) = preSolution
		HideSolutionNode = FALSE
	EndGlobalSection
	GlobalSection(ExtensibilityGlobals) = postSolution
		SolutionGuid = {BC8F9843-C742-4CEE-B3F8-70B77E099461}
	EndGlobalSection
EndGlobal
